
Microsoft Visual Studio Solution File, Format Version 12.00
# Visual Studio Version 16
VisualStudioVersion = 16.0.29306.81
MinimumVisualStudioVersion = 10.0.40219.1
Project("{FAE04EC0-301F-11D3-BF4B-00C04F79EFBC}") = "Introduction", "Introduction\Introduction.csproj", "{40194FED-D689-4AE1-B034-BB614809396E}"
EndProject
Global
	GlobalSection(SolutionConfigurationPlatforms) = preSolution
		Debug|Any CPU = Debug|Any CPU
		Release|Any CPU = Release|Any CPU
	EndGlobalSection
	GlobalSection(ProjectConfigurationPlatforms) = postSolution
		{40194FED-D689-4AE1-B034-BB614809396E}.Debug|Any CPU.ActiveCfg = Debug|Any CPU
		{40194FED-D689-4AE1-B034-BB614809396E}.Debug|Any CPU.Build.0 = Debug|Any CPU
		{40194FED-D689-4AE1-B034-BB614809396E}.Release|Any CPU.ActiveCfg = Release|Any CPU
		{40194FED-D689-4AE1-B034-BB614809396E}.Release|Any CPU.Build.0 = Release|Any CPU
	EndGlobalSection
	GlobalSection(SolutionProperties) = preSolution
		HideSolutionNode = FALSE
	EndGlobalSection
	GlobalSection(ExtensibilityGlobals) = postSolution
		SolutionGuid = {C3B13878-9467-493A-ABEA-EF55690DF472}
	EndGlobalSection
EndGlobal
