
Microsoft Visual Studio Solution File, Format Version 12.00
# Visual Studio 15
VisualStudioVersion = 15.0.27130.2027
MinimumVisualStudioVersion = 10.0.40219.1
Project("{FAE04EC0-301F-11D3-BF4B-00C04F79EFBC}") = "BiblioClasses", "BiblioClasses\BiblioClasses.csproj", "{98537E89-DFAC-44A5-9C61-08BC787F91A2}"
EndProject
Global
	GlobalSection(SolutionConfigurationPlatforms) = preSolution
		Debug|Any CPU = Debug|Any CPU
		Release|Any CPU = Release|Any CPU
	EndGlobalSection
	GlobalSection(ProjectConfigurationPlatforms) = postSolution
		{98537E89-DFAC-44A5-9C61-08BC787F91A2}.Debug|Any CPU.ActiveCfg = Debug|Any CPU
		{98537E89-DFAC-44A5-9C61-08BC787F91A2}.Debug|Any CPU.Build.0 = Debug|Any CPU
		{98537E89-DFAC-44A5-9C61-08BC787F91A2}.Release|Any CPU.ActiveCfg = Release|Any CPU
		{98537E89-DFAC-44A5-9C61-08BC787F91A2}.Release|Any CPU.Build.0 = Release|Any CPU
	EndGlobalSection
	GlobalSection(SolutionProperties) = preSolution
		HideSolutionNode = FALSE
	EndGlobalSection
	GlobalSection(ExtensibilityGlobals) = postSolution
		SolutionGuid = {4DA1EF99-641D-4D7B-9C01-5AE4B3843D27}
	EndGlobalSection
EndGlobal
