
Microsoft Visual Studio Solution File, Format Version 12.00
# Visual Studio 15
VisualStudioVersion = 15.0.27130.2027
MinimumVisualStudioVersion = 10.0.40219.1
Project("{FAE04EC0-301F-11D3-BF4B-00C04F79EFBC}") = "Tests unitaires-1", "Tests unitaires-1\Tests unitaires-1.csproj", "{973619E9-66BF-44D8-A20B-777C4A96A332}"
EndProject
Project("{FAE04EC0-301F-11D3-BF4B-00C04F79EFBC}") = "MonFramework", "MonFramework\MonFramework.csproj", "{62A37249-7EB4-4B9B-B4BB-9F8A36AB62CD}"
EndProject
Project("{FAE04EC0-301F-11D3-BF4B-00C04F79EFBC}") = "MonFrameworkTests5", "MonFrameworkTests5\MonFrameworkTests5.csproj", "{6B544F37-D3B5-4CE2-BAE8-90874FE0DDEC}"
EndProject
Global
	GlobalSection(SolutionConfigurationPlatforms) = preSolution
		Debug|Any CPU = Debug|Any CPU
		Release|Any CPU = Release|Any CPU
	EndGlobalSection
	GlobalSection(ProjectConfigurationPlatforms) = postSolution
		{973619E9-66BF-44D8-A20B-777C4A96A332}.Debug|Any CPU.ActiveCfg = Debug|Any CPU
		{973619E9-66BF-44D8-A20B-777C4A96A332}.Debug|Any CPU.Build.0 = Debug|Any CPU
		{973619E9-66BF-44D8-A20B-777C4A96A332}.Release|Any CPU.ActiveCfg = Release|Any CPU
		{973619E9-66BF-44D8-A20B-777C4A96A332}.Release|Any CPU.Build.0 = Release|Any CPU
		{62A37249-7EB4-4B9B-B4BB-9F8A36AB62CD}.Debug|Any CPU.ActiveCfg = Debug|Any CPU
		{62A37249-7EB4-4B9B-B4BB-9F8A36AB62CD}.Debug|Any CPU.Build.0 = Debug|Any CPU
		{62A37249-7EB4-4B9B-B4BB-9F8A36AB62CD}.Release|Any CPU.ActiveCfg = Release|Any CPU
		{62A37249-7EB4-4B9B-B4BB-9F8A36AB62CD}.Release|Any CPU.Build.0 = Release|Any CPU
		{6B544F37-D3B5-4CE2-BAE8-90874FE0DDEC}.Debug|Any CPU.ActiveCfg = Debug|Any CPU
		{6B544F37-D3B5-4CE2-BAE8-90874FE0DDEC}.Debug|Any CPU.Build.0 = Debug|Any CPU
		{6B544F37-D3B5-4CE2-BAE8-90874FE0DDEC}.Release|Any CPU.ActiveCfg = Release|Any CPU
		{6B544F37-D3B5-4CE2-BAE8-90874FE0DDEC}.Release|Any CPU.Build.0 = Release|Any CPU
	EndGlobalSection
	GlobalSection(SolutionProperties) = preSolution
		HideSolutionNode = FALSE
	EndGlobalSection
	GlobalSection(ExtensibilityGlobals) = postSolution
		SolutionGuid = {F1455A57-4321-441B-8F40-94E366FA1D70}
	EndGlobalSection
EndGlobal
