
Microsoft Visual Studio Solution File, Format Version 12.00
# Visual Studio Version 16
VisualStudioVersion = 16.0.29519.87
MinimumVisualStudioVersion = 10.0.40219.1
Project("{FAE04EC0-301F-11D3-BF4B-00C04F79EFBC}") = "customErrors", "customErrors\customErrors.csproj", "{0334CEFB-C974-42FB-86FC-F424BA1F4DCC}"
EndProject
Global
	GlobalSection(SolutionConfigurationPlatforms) = preSolution
		Debug|Any CPU = Debug|Any CPU
		Release|Any CPU = Release|Any CPU
	EndGlobalSection
	GlobalSection(ProjectConfigurationPlatforms) = postSolution
		{0334CEFB-C974-42FB-86FC-F424BA1F4DCC}.Debug|Any CPU.ActiveCfg = Debug|Any CPU
		{0334CEFB-C974-42FB-86FC-F424BA1F4DCC}.Debug|Any CPU.Build.0 = Debug|Any CPU
		{0334CEFB-C974-42FB-86FC-F424BA1F4DCC}.Release|Any CPU.ActiveCfg = Release|Any CPU
		{0334CEFB-C974-42FB-86FC-F424BA1F4DCC}.Release|Any CPU.Build.0 = Release|Any CPU
	EndGlobalSection
	GlobalSection(SolutionProperties) = preSolution
		HideSolutionNode = FALSE
	EndGlobalSection
	GlobalSection(ExtensibilityGlobals) = postSolution
		SolutionGuid = {72542E7D-5D96-48C5-BCC3-573E12471124}
	EndGlobalSection
EndGlobal
