
Microsoft Visual Studio Solution File, Format Version 12.00
# Visual Studio 15
VisualStudioVersion = 15.0.27130.2027
MinimumVisualStudioVersion = 10.0.40219.1
Project("{FAE04EC0-301F-11D3-BF4B-00C04F79EFBC}") = "GarageListes", "GarageListes\GarageListes.csproj", "{2C37766D-A880-4175-A3D6-17888D292B71}"
EndProject
Global
	GlobalSection(SolutionConfigurationPlatforms) = preSolution
		Debug|Any CPU = Debug|Any CPU
		Release|Any CPU = Release|Any CPU
	EndGlobalSection
	GlobalSection(ProjectConfigurationPlatforms) = postSolution
		{2C37766D-A880-4175-A3D6-17888D292B71}.Debug|Any CPU.ActiveCfg = Debug|Any CPU
		{2C37766D-A880-4175-A3D6-17888D292B71}.Debug|Any CPU.Build.0 = Debug|Any CPU
		{2C37766D-A880-4175-A3D6-17888D292B71}.Release|Any CPU.ActiveCfg = Release|Any CPU
		{2C37766D-A880-4175-A3D6-17888D292B71}.Release|Any CPU.Build.0 = Release|Any CPU
	EndGlobalSection
	GlobalSection(SolutionProperties) = preSolution
		HideSolutionNode = FALSE
	EndGlobalSection
	GlobalSection(ExtensibilityGlobals) = postSolution
		SolutionGuid = {C9B83518-39D2-448C-B84D-A98D9449C4CB}
	EndGlobalSection
EndGlobal
