
Microsoft Visual Studio Solution File, Format Version 12.00
# Visual Studio Version 16
VisualStudioVersion = 16.0.29318.209
MinimumVisualStudioVersion = 10.0.40219.1
Project("{FAE04EC0-301F-11D3-BF4B-00C04F79EFBC}") = "webAPILab", "webAPILab\webAPILab.csproj", "{1ABE6359-9836-43DF-AC2B-EBE10FA9A95C}"
EndProject
Global
	GlobalSection(SolutionConfigurationPlatforms) = preSolution
		Debug|Any CPU = Debug|Any CPU
		Release|Any CPU = Release|Any CPU
	EndGlobalSection
	GlobalSection(ProjectConfigurationPlatforms) = postSolution
		{1ABE6359-9836-43DF-AC2B-EBE10FA9A95C}.Debug|Any CPU.ActiveCfg = Debug|Any CPU
		{1ABE6359-9836-43DF-AC2B-EBE10FA9A95C}.Debug|Any CPU.Build.0 = Debug|Any CPU
		{1ABE6359-9836-43DF-AC2B-EBE10FA9A95C}.Release|Any CPU.ActiveCfg = Release|Any CPU
		{1ABE6359-9836-43DF-AC2B-EBE10FA9A95C}.Release|Any CPU.Build.0 = Release|Any CPU
	EndGlobalSection
	GlobalSection(SolutionProperties) = preSolution
		HideSolutionNode = FALSE
	EndGlobalSection
	GlobalSection(ExtensibilityGlobals) = postSolution
		SolutionGuid = {2641A5DF-2998-4F45-9C41-FD72A20552CF}
	EndGlobalSection
EndGlobal
