
Microsoft Visual Studio Solution File, Format Version 12.00
# Visual Studio 15
VisualStudioVersion = 15.0.27130.2027
MinimumVisualStudioVersion = 10.0.40219.1
Project("{FAE04EC0-301F-11D3-BF4B-00C04F79EFBC}") = "Linq (12-03-18)", "Linq (12-03-18)\Linq (12-03-18).csproj", "{78BC4380-45FB-419F-9EB2-5D15CF0E5DA8}"
EndProject
Global
	GlobalSection(SolutionConfigurationPlatforms) = preSolution
		Debug|Any CPU = Debug|Any CPU
		Release|Any CPU = Release|Any CPU
	EndGlobalSection
	GlobalSection(ProjectConfigurationPlatforms) = postSolution
		{78BC4380-45FB-419F-9EB2-5D15CF0E5DA8}.Debug|Any CPU.ActiveCfg = Debug|Any CPU
		{78BC4380-45FB-419F-9EB2-5D15CF0E5DA8}.Debug|Any CPU.Build.0 = Debug|Any CPU
		{78BC4380-45FB-419F-9EB2-5D15CF0E5DA8}.Release|Any CPU.ActiveCfg = Release|Any CPU
		{78BC4380-45FB-419F-9EB2-5D15CF0E5DA8}.Release|Any CPU.Build.0 = Release|Any CPU
	EndGlobalSection
	GlobalSection(SolutionProperties) = preSolution
		HideSolutionNode = FALSE
	EndGlobalSection
	GlobalSection(ExtensibilityGlobals) = postSolution
		SolutionGuid = {BCC99BCA-E78E-42BA-BC3F-4E0A65A9FFD8}
	EndGlobalSection
EndGlobal
