
Microsoft Visual Studio Solution File, Format Version 12.00
# Visual Studio 15
VisualStudioVersion = 15.0.27130.2027
MinimumVisualStudioVersion = 10.0.40219.1
Project("{FAE04EC0-301F-11D3-BF4B-00C04F79EFBC}") = "05-03-18 (Func, action, task)", "05-03-18 (Func, action, task)\05-03-18 (Func, action, task).csproj", "{9955E43E-A0AD-4306-95D6-C79C3D5031D2}"
EndProject
Global
	GlobalSection(SolutionConfigurationPlatforms) = preSolution
		Debug|Any CPU = Debug|Any CPU
		Release|Any CPU = Release|Any CPU
	EndGlobalSection
	GlobalSection(ProjectConfigurationPlatforms) = postSolution
		{9955E43E-A0AD-4306-95D6-C79C3D5031D2}.Debug|Any CPU.ActiveCfg = Debug|Any CPU
		{9955E43E-A0AD-4306-95D6-C79C3D5031D2}.Debug|Any CPU.Build.0 = Debug|Any CPU
		{9955E43E-A0AD-4306-95D6-C79C3D5031D2}.Release|Any CPU.ActiveCfg = Release|Any CPU
		{9955E43E-A0AD-4306-95D6-C79C3D5031D2}.Release|Any CPU.Build.0 = Release|Any CPU
	EndGlobalSection
	GlobalSection(SolutionProperties) = preSolution
		HideSolutionNode = FALSE
	EndGlobalSection
	GlobalSection(ExtensibilityGlobals) = postSolution
		SolutionGuid = {67451ECA-FD2B-4834-9ACC-5713FF12508B}
	EndGlobalSection
EndGlobal
