
Microsoft Visual Studio Solution File, Format Version 12.00
# Visual Studio 15
VisualStudioVersion = 15.0.27130.2027
MinimumVisualStudioVersion = 10.0.40219.1
Project("{FAE04EC0-301F-11D3-BF4B-00C04F79EFBC}") = "DémoBiblioClasses", "DémoBiblioClasses\DémoBiblioClasses.csproj", "{BC31C3CC-29DF-4029-ABD2-71EE3257CD58}"
EndProject
Project("{FAE04EC0-301F-11D3-BF4B-00C04F79EFBC}") = "BiblioClasses", "..\BiblioClasses\BiblioClasses\BiblioClasses.csproj", "{98537E89-DFAC-44A5-9C61-08BC787F91A2}"
EndProject
Global
	GlobalSection(SolutionConfigurationPlatforms) = preSolution
		Debug|Any CPU = Debug|Any CPU
		Release|Any CPU = Release|Any CPU
	EndGlobalSection
	GlobalSection(ProjectConfigurationPlatforms) = postSolution
		{BC31C3CC-29DF-4029-ABD2-71EE3257CD58}.Debug|Any CPU.ActiveCfg = Debug|Any CPU
		{BC31C3CC-29DF-4029-ABD2-71EE3257CD58}.Debug|Any CPU.Build.0 = Debug|Any CPU
		{BC31C3CC-29DF-4029-ABD2-71EE3257CD58}.Release|Any CPU.ActiveCfg = Release|Any CPU
		{BC31C3CC-29DF-4029-ABD2-71EE3257CD58}.Release|Any CPU.Build.0 = Release|Any CPU
		{98537E89-DFAC-44A5-9C61-08BC787F91A2}.Debug|Any CPU.ActiveCfg = Debug|Any CPU
		{98537E89-DFAC-44A5-9C61-08BC787F91A2}.Debug|Any CPU.Build.0 = Debug|Any CPU
		{98537E89-DFAC-44A5-9C61-08BC787F91A2}.Release|Any CPU.ActiveCfg = Release|Any CPU
		{98537E89-DFAC-44A5-9C61-08BC787F91A2}.Release|Any CPU.Build.0 = Release|Any CPU
	EndGlobalSection
	GlobalSection(SolutionProperties) = preSolution
		HideSolutionNode = FALSE
	EndGlobalSection
	GlobalSection(ExtensibilityGlobals) = postSolution
		SolutionGuid = {4D632787-BB98-462B-ACBE-2BF0B405B4AE}
	EndGlobalSection
EndGlobal
