
Microsoft Visual Studio Solution File, Format Version 12.00
# Visual Studio Version 16
VisualStudioVersion = 16.0.29409.12
MinimumVisualStudioVersion = 10.0.40219.1
Project("{FAE04EC0-301F-11D3-BF4B-00C04F79EFBC}") = "ASPNETLoginForm", "ASPNETLoginForm\ASPNETLoginForm.csproj", "{EACA38B2-6002-4DE4-A5EE-BA52CC107AA6}"
EndProject
Global
	GlobalSection(SolutionConfigurationPlatforms) = preSolution
		Debug|Any CPU = Debug|Any CPU
		Release|Any CPU = Release|Any CPU
	EndGlobalSection
	GlobalSection(ProjectConfigurationPlatforms) = postSolution
		{EACA38B2-6002-4DE4-A5EE-BA52CC107AA6}.Debug|Any CPU.ActiveCfg = Debug|Any CPU
		{EACA38B2-6002-4DE4-A5EE-BA52CC107AA6}.Debug|Any CPU.Build.0 = Debug|Any CPU
		{EACA38B2-6002-4DE4-A5EE-BA52CC107AA6}.Release|Any CPU.ActiveCfg = Release|Any CPU
		{EACA38B2-6002-4DE4-A5EE-BA52CC107AA6}.Release|Any CPU.Build.0 = Release|Any CPU
	EndGlobalSection
	GlobalSection(SolutionProperties) = preSolution
		HideSolutionNode = FALSE
	EndGlobalSection
	GlobalSection(ExtensibilityGlobals) = postSolution
		SolutionGuid = {23925C7B-D42A-4F7E-8D68-3DB769316B89}
	EndGlobalSection
EndGlobal
