
Microsoft Visual Studio Solution File, Format Version 12.00
# Visual Studio Version 16
VisualStudioVersion = 16.0.29306.81
MinimumVisualStudioVersion = 10.0.40219.1
Project("{FAE04EC0-301F-11D3-BF4B-00C04F79EFBC}") = "Intro", "Intro\Intro.csproj", "{D57708DA-3480-41F6-9CB8-1242BC362E25}"
EndProject
Global
	GlobalSection(SolutionConfigurationPlatforms) = preSolution
		Debug|Any CPU = Debug|Any CPU
		Release|Any CPU = Release|Any CPU
	EndGlobalSection
	GlobalSection(ProjectConfigurationPlatforms) = postSolution
		{D57708DA-3480-41F6-9CB8-1242BC362E25}.Debug|Any CPU.ActiveCfg = Debug|Any CPU
		{D57708DA-3480-41F6-9CB8-1242BC362E25}.Debug|Any CPU.Build.0 = Debug|Any CPU
		{D57708DA-3480-41F6-9CB8-1242BC362E25}.Release|Any CPU.ActiveCfg = Release|Any CPU
		{D57708DA-3480-41F6-9CB8-1242BC362E25}.Release|Any CPU.Build.0 = Release|Any CPU
	EndGlobalSection
	GlobalSection(SolutionProperties) = preSolution
		HideSolutionNode = FALSE
	EndGlobalSection
	GlobalSection(ExtensibilityGlobals) = postSolution
		SolutionGuid = {54AB5C9E-C053-4AF7-A9E8-4B7498B7CA90}
	EndGlobalSection
EndGlobal
